
Microsoft Visual Studio Solution File, Format Version 12.00
# Visual Studio 15
VisualStudioVersion = 15.0.27130.2010
MinimumVisualStudioVersion = 10.0.40219.1
Project("{FAE04EC0-301F-11D3-BF4B-00C04F79EFBC}") = "TeoVincent.Deadlock", "TeoVincent.Deadlock\TeoVincent.Deadlock.csproj", "{C32D8E03-3AB5-4FC0-B9DF-8BEA1A5E5698}"
EndProject
Global
	GlobalSection(SolutionConfigurationPlatforms) = preSolution
		Debug|Any CPU = Debug|Any CPU
		Release|Any CPU = Release|Any CPU
	EndGlobalSection
	GlobalSection(ProjectConfigurationPlatforms) = postSolution
		{C32D8E03-3AB5-4FC0-B9DF-8BEA1A5E5698}.Debug|Any CPU.ActiveCfg = Debug|Any CPU
		{C32D8E03-3AB5-4FC0-B9DF-8BEA1A5E5698}.Debug|Any CPU.Build.0 = Debug|Any CPU
		{C32D8E03-3AB5-4FC0-B9DF-8BEA1A5E5698}.Release|Any CPU.ActiveCfg = Release|Any CPU
		{C32D8E03-3AB5-4FC0-B9DF-8BEA1A5E5698}.Release|Any CPU.Build.0 = Release|Any CPU
	EndGlobalSection
	GlobalSection(SolutionProperties) = preSolution
		HideSolutionNode = FALSE
	EndGlobalSection
	GlobalSection(ExtensibilityGlobals) = postSolution
		SolutionGuid = {1EC1C662-083A-468D-8873-52DA7D687438}
	EndGlobalSection
EndGlobal
